
Microsoft Visual Studio Solution File, Format Version 12.00
# Visual Studio 15
Project("{FAE04EC0-301F-11D3-BF4B-00C04F79EFBC}") = "Assembly-CSharp", "Assembly-CSharp.csproj", "{C07635EC-8FB0-D576-4D28-4EE5FEB33576}"
EndProject
Project("{FAE04EC0-301F-11D3-BF4B-00C04F79EFBC}") = "AssetIcons", "AssetIcons.csproj", "{4C8D1DC3-7E47-4331-0554-C987943747DB}"
EndProject
Project("{FAE04EC0-301F-11D3-BF4B-00C04F79EFBC}") = "Assembly-CSharp-Editor-firstpass", "Assembly-CSharp-Editor-firstpass.csproj", "{F880C9BF-3B11-ACA5-1B90-5E47204F78CB}"
EndProject
Project("{FAE04EC0-301F-11D3-BF4B-00C04F79EFBC}") = "Assembly-CSharp-Editor", "Assembly-CSharp-Editor.csproj", "{2FD0C057-A53D-D88F-D4EF-89231E96C58B}"
EndProject
Project("{FAE04EC0-301F-11D3-BF4B-00C04F79EFBC}") = "AssetIcons-Editor", "AssetIcons-Editor.csproj", "{DA8C4327-F475-AC0F-3938-10E91E145D69}"
EndProject
Global
	GlobalSection(SolutionConfigurationPlatforms) = preSolution
		Debug|Any CPU = Debug|Any CPU
		Release|Any CPU = Release|Any CPU
	EndGlobalSection
	GlobalSection(ProjectConfigurationPlatforms) = postSolution
		{C07635EC-8FB0-D576-4D28-4EE5FEB33576}.Debug|Any CPU.ActiveCfg = Debug|Any CPU
		{C07635EC-8FB0-D576-4D28-4EE5FEB33576}.Debug|Any CPU.Build.0 = Debug|Any CPU
		{C07635EC-8FB0-D576-4D28-4EE5FEB33576}.Release|Any CPU.ActiveCfg = Release|Any CPU
		{C07635EC-8FB0-D576-4D28-4EE5FEB33576}.Release|Any CPU.Build.0 = Release|Any CPU
		{4C8D1DC3-7E47-4331-0554-C987943747DB}.Debug|Any CPU.ActiveCfg = Debug|Any CPU
		{4C8D1DC3-7E47-4331-0554-C987943747DB}.Debug|Any CPU.Build.0 = Debug|Any CPU
		{4C8D1DC3-7E47-4331-0554-C987943747DB}.Release|Any CPU.ActiveCfg = Release|Any CPU
		{4C8D1DC3-7E47-4331-0554-C987943747DB}.Release|Any CPU.Build.0 = Release|Any CPU
		{F880C9BF-3B11-ACA5-1B90-5E47204F78CB}.Debug|Any CPU.ActiveCfg = Debug|Any CPU
		{F880C9BF-3B11-ACA5-1B90-5E47204F78CB}.Debug|Any CPU.Build.0 = Debug|Any CPU
		{F880C9BF-3B11-ACA5-1B90-5E47204F78CB}.Release|Any CPU.ActiveCfg = Release|Any CPU
		{F880C9BF-3B11-ACA5-1B90-5E47204F78CB}.Release|Any CPU.Build.0 = Release|Any CPU
		{2FD0C057-A53D-D88F-D4EF-89231E96C58B}.Debug|Any CPU.ActiveCfg = Debug|Any CPU
		{2FD0C057-A53D-D88F-D4EF-89231E96C58B}.Debug|Any CPU.Build.0 = Debug|Any CPU
		{2FD0C057-A53D-D88F-D4EF-89231E96C58B}.Release|Any CPU.ActiveCfg = Release|Any CPU
		{2FD0C057-A53D-D88F-D4EF-89231E96C58B}.Release|Any CPU.Build.0 = Release|Any CPU
		{DA8C4327-F475-AC0F-3938-10E91E145D69}.Debug|Any CPU.ActiveCfg = Debug|Any CPU
		{DA8C4327-F475-AC0F-3938-10E91E145D69}.Debug|Any CPU.Build.0 = Debug|Any CPU
		{DA8C4327-F475-AC0F-3938-10E91E145D69}.Release|Any CPU.ActiveCfg = Release|Any CPU
		{DA8C4327-F475-AC0F-3938-10E91E145D69}.Release|Any CPU.Build.0 = Release|Any CPU
	EndGlobalSection
	GlobalSection(SolutionProperties) = preSolution
		HideSolutionNode = FALSE
	EndGlobalSection
EndGlobal
